
Microsoft Visual Studio Solution File, Format Version 12.00
# Visual Studio Version 17
VisualStudioVersion = 17.5.002.0
MinimumVisualStudioVersion = 10.0.40219.1
Project("{9A19103F-16F7-4668-BE54-9A1E7A4F7556}") = "GrpcTodos.Server", "GrpcTodos.Server.csproj", "{B96BB760-517D-4AB1-ADC3-A0C6ACC62C68}"
EndProject
Global
	GlobalSection(SolutionConfigurationPlatforms) = preSolution
		Debug|Any CPU = Debug|Any CPU
		Release|Any CPU = Release|Any CPU
	EndGlobalSection
	GlobalSection(ProjectConfigurationPlatforms) = postSolution
		{B96BB760-517D-4AB1-ADC3-A0C6ACC62C68}.Debug|Any CPU.ActiveCfg = Debug|Any CPU
		{B96BB760-517D-4AB1-ADC3-A0C6ACC62C68}.Debug|Any CPU.Build.0 = Debug|Any CPU
		{B96BB760-517D-4AB1-ADC3-A0C6ACC62C68}.Release|Any CPU.ActiveCfg = Release|Any CPU
		{B96BB760-517D-4AB1-ADC3-A0C6ACC62C68}.Release|Any CPU.Build.0 = Release|Any CPU
	EndGlobalSection
	GlobalSection(SolutionProperties) = preSolution
		HideSolutionNode = FALSE
	EndGlobalSection
	GlobalSection(ExtensibilityGlobals) = postSolution
		SolutionGuid = {C9CDB368-3ED3-43AB-B8B5-9305BCD368CA}
	EndGlobalSection
EndGlobal
